{
  "version": 4,
  "terraform_version": "1.2.8",
  "serial": 22,
  "lineage": "6fed0763-3fd5-ba6c-276f-f59b02f82c5a",
  "outputs": {
    "external_ip_address_node01_yandex_cloud": {
      "value": "84.252.129.105",
      "type": "string"
    },
    "internal_ip_address_node01_yandex_cloud": {
      "value": "192.168.101.8",
      "type": "string"
    }
  },
  "resources": [
    {
      "mode": "managed",
      "type": "yandex_compute_instance",
      "name": "node01",
      "provider": "provider[\"registry.terraform.io/yandex-cloud/yandex\"]",
      "instances": [
        {
          "schema_version": 1,
          "attributes": {
            "allow_recreate": null,
            "allow_stopping_for_update": true,
            "boot_disk": [
              {
                "auto_delete": true,
                "device_name": "fhmf0mkotnibkkddafc8",
                "disk_id": "fhmf0mkotnibkkddafc8",
                "initialize_params": [
                  {
                    "block_size": 4096,
                    "description": "",
                    "image_id": "fd8p0hvmp71isp7hd1ar",
                    "name": "root-node01",
                    "size": 50,
                    "snapshot_id": "",
                    "type": "network-ssd"
                  }
                ],
                "mode": "READ_WRITE"
              }
            ],
            "created_at": "2022-08-31T09:34:47Z",
            "description": "",
            "folder_id": "b1gc0if4fp4krujvnc5u",
            "fqdn": "node01.netology.cloud",
            "hostname": "node01.netology.cloud",
            "id": "fhm4l0ogldf370shst38",
            "labels": null,
            "local_disk": [],
            "metadata": {
              "ssh-keys": "centos:ssh-rsa AAAAB3NzaC1yc2EAAAADAQABAAABgQCovBJgsuAwDbqo0b4XMo25m64qr/t4YaBXI5UKEncm7YaP78Yb/BmZzQjfqDXgWTM0I39iBMK8jmmhs5vcj+iDfGKLTT07aMeHPbr96QXd878NrnGMZEj5NDlLhuyYZY2k2ZIm4kIvhFOoWncZtcn4cPRKH9IwOqnggDkBxyMtEVgXxeoXfCjfY8MH6fToRFasaPx0gAn3SDmlk2ClSbfkA46qZgQZk5LiuwKtH7757REhYAB8fRaMIVO/9ZkUjg9/I7l9wH2i8VvHe49iK3DQEx0lIR1iHOvK+xCP/6HnSC2oZM6r8n0DwRKUvEdHvfNTggpCc5cgRonamLM9bEfJePSk0yB3V4TdV0AdniQFwVLJ0nGwDynyV1IF+VxjRFSNUgerWwNJ50lwpuRIdzNQbh+ylSK76poBIEKNOB+rFJXEtqkoYDnG9qtH1KfmG3qW+vdAy88C8Gf1rl+TEkxiWHccN2MU5mUmjX6gU4BHmb9QwGHr6x7MfoCcHb2oGX0= vagrant@server1\n"
            },
            "name": "node01",
            "network_acceleration_type": "standard",
            "network_interface": [
              {
                "dns_record": [],
                "index": 0,
                "ip_address": "192.168.101.8",
                "ipv4": true,
                "ipv6": false,
                "ipv6_address": "",
                "ipv6_dns_record": [],
                "mac_address": "d0:0d:4a:83:10:ab",
                "nat": true,
                "nat_dns_record": [],
                "nat_ip_address": "84.252.129.105",
                "nat_ip_version": "IPV4",
                "security_group_ids": [],
                "subnet_id": "e9b3v8bu2cifnr8geq8l"
              }
            ],
            "placement_policy": [
              {
                "host_affinity_rules": [],
                "placement_group_id": ""
              }
            ],
            "platform_id": "standard-v1",
            "resources": [
              {
                "core_fraction": 100,
                "cores": 8,
                "gpus": 0,
                "memory": 8
              }
            ],
            "scheduling_policy": [
              {
                "preemptible": false
              }
            ],
            "secondary_disk": [],
            "service_account_id": "",
            "status": "running",
            "timeouts": null,
            "zone": "ru-central1-a"
          },
          "sensitive_attributes": [],
          "private": "eyJlMmJmYjczMC1lY2FhLTExZTYtOGY4OC0zNDM2M2JjN2M0YzAiOnsiY3JlYXRlIjozMDAwMDAwMDAwMDAsImRlbGV0ZSI6MzAwMDAwMDAwMDAwLCJ1cGRhdGUiOjMwMDAwMDAwMDAwMH0sInNjaGVtYV92ZXJzaW9uIjoiMSJ9",
          "dependencies": [
            "yandex_vpc_network.default",
            "yandex_vpc_subnet.default"
          ]
        }
      ]
    },
    {
      "mode": "managed",
      "type": "yandex_compute_instance",
      "name": "node02",
      "provider": "provider[\"registry.terraform.io/yandex-cloud/yandex\"]",
      "instances": [
        {
          "schema_version": 1,
          "attributes": {
            "allow_recreate": null,
            "allow_stopping_for_update": true,
            "boot_disk": [
              {
                "auto_delete": true,
                "device_name": "fhmk9v6ar2lgtgqia6fe",
                "disk_id": "fhmk9v6ar2lgtgqia6fe",
                "initialize_params": [
                  {
                    "block_size": 4096,
                    "description": "",
                    "image_id": "fd8p0hvmp71isp7hd1ar",
                    "name": "root-node02",
                    "size": 50,
                    "snapshot_id": "",
                    "type": "network-ssd"
                  }
                ],
                "mode": "READ_WRITE"
              }
            ],
            "created_at": "2022-08-31T09:34:47Z",
            "description": "",
            "folder_id": "b1gc0if4fp4krujvnc5u",
            "fqdn": "node02.netology.cloud",
            "hostname": "node02.netology.cloud",
            "id": "fhmauvc98ems23mqdtm4",
            "labels": null,
            "local_disk": [],
            "metadata": {
              "ssh-keys": "centos:ssh-rsa AAAAB3NzaC1yc2EAAAADAQABAAABgQCovBJgsuAwDbqo0b4XMo25m64qr/t4YaBXI5UKEncm7YaP78Yb/BmZzQjfqDXgWTM0I39iBMK8jmmhs5vcj+iDfGKLTT07aMeHPbr96QXd878NrnGMZEj5NDlLhuyYZY2k2ZIm4kIvhFOoWncZtcn4cPRKH9IwOqnggDkBxyMtEVgXxeoXfCjfY8MH6fToRFasaPx0gAn3SDmlk2ClSbfkA46qZgQZk5LiuwKtH7757REhYAB8fRaMIVO/9ZkUjg9/I7l9wH2i8VvHe49iK3DQEx0lIR1iHOvK+xCP/6HnSC2oZM6r8n0DwRKUvEdHvfNTggpCc5cgRonamLM9bEfJePSk0yB3V4TdV0AdniQFwVLJ0nGwDynyV1IF+VxjRFSNUgerWwNJ50lwpuRIdzNQbh+ylSK76poBIEKNOB+rFJXEtqkoYDnG9qtH1KfmG3qW+vdAy88C8Gf1rl+TEkxiWHccN2MU5mUmjX6gU4BHmb9QwGHr6x7MfoCcHb2oGX0= vagrant@server1\n"
            },
            "name": "node02",
            "network_acceleration_type": "standard",
            "network_interface": [
              {
                "dns_record": [],
                "index": 0,
                "ip_address": "192.168.101.4",
                "ipv4": true,
                "ipv6": false,
                "ipv6_address": "",
                "ipv6_dns_record": [],
                "mac_address": "d0:0d:af:7d:89:43",
                "nat": true,
                "nat_dns_record": [],
                "nat_ip_address": "51.250.93.32",
                "nat_ip_version": "IPV4",
                "security_group_ids": [],
                "subnet_id": "e9b3v8bu2cifnr8geq8l"
              }
            ],
            "placement_policy": [
              {
                "host_affinity_rules": [],
                "placement_group_id": ""
              }
            ],
            "platform_id": "standard-v1",
            "resources": [
              {
                "core_fraction": 100,
                "cores": 8,
                "gpus": 0,
                "memory": 8
              }
            ],
            "scheduling_policy": [
              {
                "preemptible": false
              }
            ],
            "secondary_disk": [],
            "service_account_id": "",
            "status": "running",
            "timeouts": null,
            "zone": "ru-central1-a"
          },
          "sensitive_attributes": [],
          "private": "eyJlMmJmYjczMC1lY2FhLTExZTYtOGY4OC0zNDM2M2JjN2M0YzAiOnsiY3JlYXRlIjozMDAwMDAwMDAwMDAsImRlbGV0ZSI6MzAwMDAwMDAwMDAwLCJ1cGRhdGUiOjMwMDAwMDAwMDAwMH0sInNjaGVtYV92ZXJzaW9uIjoiMSJ9",
          "dependencies": [
            "yandex_vpc_network.default",
            "yandex_vpc_subnet.default"
          ]
        }
      ]
    },
    {
      "mode": "managed",
      "type": "yandex_vpc_network",
      "name": "default",
      "provider": "provider[\"registry.terraform.io/yandex-cloud/yandex\"]",
      "instances": [
        {
          "schema_version": 0,
          "attributes": {
            "created_at": "2022-08-31T09:34:44Z",
            "default_security_group_id": "",
            "description": "",
            "folder_id": "b1gc0if4fp4krujvnc5u",
            "id": "enpc2n85vrkg7kqsd7p3",
            "labels": {},
            "name": "net",
            "subnet_ids": [],
            "timeouts": null
          },
          "sensitive_attributes": [],
          "private": "eyJlMmJmYjczMC1lY2FhLTExZTYtOGY4OC0zNDM2M2JjN2M0YzAiOnsiY3JlYXRlIjo2MDAwMDAwMDAwMCwiZGVsZXRlIjo2MDAwMDAwMDAwMCwidXBkYXRlIjo2MDAwMDAwMDAwMH19"
        }
      ]
    },
    {
      "mode": "managed",
      "type": "yandex_vpc_subnet",
      "name": "default",
      "provider": "provider[\"registry.terraform.io/yandex-cloud/yandex\"]",
      "instances": [
        {
          "schema_version": 0,
          "attributes": {
            "created_at": "2022-08-31T09:34:45Z",
            "description": "",
            "dhcp_options": [],
            "folder_id": "b1gc0if4fp4krujvnc5u",
            "id": "e9b3v8bu2cifnr8geq8l",
            "labels": {},
            "name": "subnet",
            "network_id": "enpc2n85vrkg7kqsd7p3",
            "route_table_id": "",
            "timeouts": null,
            "v4_cidr_blocks": [
              "192.168.101.0/24"
            ],
            "v6_cidr_blocks": [],
            "zone": "ru-central1-a"
          },
          "sensitive_attributes": [],
          "private": "eyJlMmJmYjczMC1lY2FhLTExZTYtOGY4OC0zNDM2M2JjN2M0YzAiOnsiY3JlYXRlIjoxODAwMDAwMDAwMDAsImRlbGV0ZSI6MTgwMDAwMDAwMDAwLCJ1cGRhdGUiOjE4MDAwMDAwMDAwMH19",
          "dependencies": [
            "yandex_vpc_network.default"
          ]
        }
      ]
    }
  ]
}
