{
  "version": 4,
  "terraform_version": "1.2.8",
  "serial": 40,
  "lineage": "6fed0763-3fd5-ba6c-276f-f59b02f82c5a",
  "outputs": {
    "external_ip_address_node01_yandex_cloud": {
      "value": "84.252.129.93",
      "type": "string"
    },
    "internal_ip_address_node01_yandex_cloud": {
      "value": "192.168.101.9",
      "type": "string"
    }
  },
  "resources": [
    {
      "mode": "managed",
      "type": "yandex_compute_instance",
      "name": "node01",
      "provider": "provider[\"registry.terraform.io/yandex-cloud/yandex\"]",
      "instances": [
        {
          "schema_version": 1,
          "attributes": {
            "allow_recreate": null,
            "allow_stopping_for_update": true,
            "boot_disk": [
              {
                "auto_delete": true,
                "device_name": "fhm0i3ft7ot8ne5de42o",
                "disk_id": "fhm0i3ft7ot8ne5de42o",
                "initialize_params": [
                  {
                    "block_size": 4096,
                    "description": "",
                    "image_id": "fd8i72iv2qovq8mkd84k",
                    "name": "root-node01",
                    "size": 50,
                    "snapshot_id": "",
                    "type": "network-ssd"
                  }
                ],
                "mode": "READ_WRITE"
              }
            ],
            "created_at": "2022-09-05T13:16:20Z",
            "description": "",
            "folder_id": "b1gc0if4fp4krujvnc5u",
            "fqdn": "node01.netology.cloud",
            "hostname": "node01.netology.cloud",
            "id": "fhm477j88cv02ig14dr9",
            "labels": null,
            "local_disk": [],
            "metadata": {
              "ssh-keys": "centos:ssh-rsa AAAAB3NzaC1yc2EAAAADAQABAAABgQDuHCwMV5ZCSbibQwMS97JWwUGdv64We7G2pP1sIN9ztXtYaLBMHulmQoHHxJyFW/9/4GzSgMy0BuFAt1I8kHs9WKx4AOBYb7VpcTW2F+50dZ5C5wDBj7cpG5MBBJp2FXKnrYNAeLoWoEqaKZpZVIf5PckcahbChducubDWw/902CmJ3o2tTzZ82N3jATs0K5LyNzvKDlnBw1n8CrRjNcxvhPgNM3QB7BSdR5zvIF+nQ/go/tC44dGBYoycqOGALjXqkB/esiwJrakQfLOUoqaENWpRPbSwdsU0o+7DdelVCpEzy8LRLjuPXiZyTPfVATtSBdG74kfH9a+lCcdy4xv3qF1HAcESrLP9f5VYXFcZu+BMBxfFJ27VS5P7YrbJMLYntSCFrlfXHjKtz5cE9uVQ4vT7tqdQa8rhwbDXk+3TEs1ILAxUN1WzoFZgo1IrVBY9znYPFc8L0vt/n7DyZ5JFznelzZGZKShiTFG270BL9wF/xo/tHQOPEC53rDb7j88= vagrant@server1\n"
            },
            "name": "node01",
            "network_acceleration_type": "standard",
            "network_interface": [
              {
                "dns_record": [],
                "index": 0,
                "ip_address": "192.168.101.9",
                "ipv4": true,
                "ipv6": false,
                "ipv6_address": "",
                "ipv6_dns_record": [],
                "mac_address": "d0:0d:43:9e:68:43",
                "nat": true,
                "nat_dns_record": [],
                "nat_ip_address": "84.252.129.93",
                "nat_ip_version": "IPV4",
                "security_group_ids": [],
                "subnet_id": "e9becuh7n5068njr3a6p"
              }
            ],
            "placement_policy": [
              {
                "host_affinity_rules": [],
                "placement_group_id": ""
              }
            ],
            "platform_id": "standard-v1",
            "resources": [
              {
                "core_fraction": 100,
                "cores": 8,
                "gpus": 0,
                "memory": 8
              }
            ],
            "scheduling_policy": [
              {
                "preemptible": false
              }
            ],
            "secondary_disk": [],
            "service_account_id": "",
            "status": "running",
            "timeouts": null,
            "zone": "ru-central1-a"
          },
          "sensitive_attributes": [],
          "private": "eyJlMmJmYjczMC1lY2FhLTExZTYtOGY4OC0zNDM2M2JjN2M0YzAiOnsiY3JlYXRlIjozMDAwMDAwMDAwMDAsImRlbGV0ZSI6MzAwMDAwMDAwMDAwLCJ1cGRhdGUiOjMwMDAwMDAwMDAwMH0sInNjaGVtYV92ZXJzaW9uIjoiMSJ9",
          "dependencies": [
            "yandex_vpc_network.default",
            "yandex_vpc_subnet.default"
          ]
        }
      ]
    },
    {
      "mode": "managed",
      "type": "yandex_compute_instance",
      "name": "node02",
      "provider": "provider[\"registry.terraform.io/yandex-cloud/yandex\"]",
      "instances": [
        {
          "schema_version": 1,
          "attributes": {
            "allow_recreate": null,
            "allow_stopping_for_update": true,
            "boot_disk": [
              {
                "auto_delete": true,
                "device_name": "fhm9mj9qig0jlnjnk7vb",
                "disk_id": "fhm9mj9qig0jlnjnk7vb",
                "initialize_params": [
                  {
                    "block_size": 4096,
                    "description": "",
                    "image_id": "fd8i72iv2qovq8mkd84k",
                    "name": "root-node02",
                    "size": 50,
                    "snapshot_id": "",
                    "type": "network-ssd"
                  }
                ],
                "mode": "READ_WRITE"
              }
            ],
            "created_at": "2022-09-05T13:16:19Z",
            "description": "",
            "folder_id": "b1gc0if4fp4krujvnc5u",
            "fqdn": "node02.netology.cloud",
            "hostname": "node02.netology.cloud",
            "id": "fhmur7aj5q5v0ejmu4fc",
            "labels": null,
            "local_disk": [],
            "metadata": {
              "ssh-keys": "centos:ssh-rsa AAAAB3NzaC1yc2EAAAADAQABAAABgQDuHCwMV5ZCSbibQwMS97JWwUGdv64We7G2pP1sIN9ztXtYaLBMHulmQoHHxJyFW/9/4GzSgMy0BuFAt1I8kHs9WKx4AOBYb7VpcTW2F+50dZ5C5wDBj7cpG5MBBJp2FXKnrYNAeLoWoEqaKZpZVIf5PckcahbChducubDWw/902CmJ3o2tTzZ82N3jATs0K5LyNzvKDlnBw1n8CrRjNcxvhPgNM3QB7BSdR5zvIF+nQ/go/tC44dGBYoycqOGALjXqkB/esiwJrakQfLOUoqaENWpRPbSwdsU0o+7DdelVCpEzy8LRLjuPXiZyTPfVATtSBdG74kfH9a+lCcdy4xv3qF1HAcESrLP9f5VYXFcZu+BMBxfFJ27VS5P7YrbJMLYntSCFrlfXHjKtz5cE9uVQ4vT7tqdQa8rhwbDXk+3TEs1ILAxUN1WzoFZgo1IrVBY9znYPFc8L0vt/n7DyZ5JFznelzZGZKShiTFG270BL9wF/xo/tHQOPEC53rDb7j88= vagrant@server1\n"
            },
            "name": "node02",
            "network_acceleration_type": "standard",
            "network_interface": [
              {
                "dns_record": [],
                "index": 0,
                "ip_address": "192.168.101.32",
                "ipv4": true,
                "ipv6": false,
                "ipv6_address": "",
                "ipv6_dns_record": [],
                "mac_address": "d0:0d:1e:d9:d5:32",
                "nat": true,
                "nat_dns_record": [],
                "nat_ip_address": "51.250.6.42",
                "nat_ip_version": "IPV4",
                "security_group_ids": [],
                "subnet_id": "e9becuh7n5068njr3a6p"
              }
            ],
            "placement_policy": [
              {
                "host_affinity_rules": [],
                "placement_group_id": ""
              }
            ],
            "platform_id": "standard-v1",
            "resources": [
              {
                "core_fraction": 100,
                "cores": 8,
                "gpus": 0,
                "memory": 8
              }
            ],
            "scheduling_policy": [
              {
                "preemptible": false
              }
            ],
            "secondary_disk": [],
            "service_account_id": "",
            "status": "running",
            "timeouts": null,
            "zone": "ru-central1-a"
          },
          "sensitive_attributes": [],
          "private": "eyJlMmJmYjczMC1lY2FhLTExZTYtOGY4OC0zNDM2M2JjN2M0YzAiOnsiY3JlYXRlIjozMDAwMDAwMDAwMDAsImRlbGV0ZSI6MzAwMDAwMDAwMDAwLCJ1cGRhdGUiOjMwMDAwMDAwMDAwMH0sInNjaGVtYV92ZXJzaW9uIjoiMSJ9",
          "dependencies": [
            "yandex_vpc_network.default",
            "yandex_vpc_subnet.default"
          ]
        }
      ]
    },
    {
      "mode": "managed",
      "type": "yandex_vpc_network",
      "name": "default",
      "provider": "provider[\"registry.terraform.io/yandex-cloud/yandex\"]",
      "instances": [
        {
          "schema_version": 0,
          "attributes": {
            "created_at": "2022-09-05T13:16:18Z",
            "default_security_group_id": "",
            "description": "",
            "folder_id": "b1gc0if4fp4krujvnc5u",
            "id": "enpimpok98kdu2fbh56d",
            "labels": {},
            "name": "net",
            "subnet_ids": [],
            "timeouts": null
          },
          "sensitive_attributes": [],
          "private": "eyJlMmJmYjczMC1lY2FhLTExZTYtOGY4OC0zNDM2M2JjN2M0YzAiOnsiY3JlYXRlIjo2MDAwMDAwMDAwMCwiZGVsZXRlIjo2MDAwMDAwMDAwMCwidXBkYXRlIjo2MDAwMDAwMDAwMH19"
        }
      ]
    },
    {
      "mode": "managed",
      "type": "yandex_vpc_subnet",
      "name": "default",
      "provider": "provider[\"registry.terraform.io/yandex-cloud/yandex\"]",
      "instances": [
        {
          "schema_version": 0,
          "attributes": {
            "created_at": "2022-09-05T13:16:18Z",
            "description": "",
            "dhcp_options": [],
            "folder_id": "b1gc0if4fp4krujvnc5u",
            "id": "e9becuh7n5068njr3a6p",
            "labels": {},
            "name": "subnet",
            "network_id": "enpimpok98kdu2fbh56d",
            "route_table_id": "",
            "timeouts": null,
            "v4_cidr_blocks": [
              "192.168.101.0/24"
            ],
            "v6_cidr_blocks": [],
            "zone": "ru-central1-a"
          },
          "sensitive_attributes": [],
          "private": "eyJlMmJmYjczMC1lY2FhLTExZTYtOGY4OC0zNDM2M2JjN2M0YzAiOnsiY3JlYXRlIjoxODAwMDAwMDAwMDAsImRlbGV0ZSI6MTgwMDAwMDAwMDAwLCJ1cGRhdGUiOjE4MDAwMDAwMDAwMH19",
          "dependencies": [
            "yandex_vpc_network.default"
          ]
        }
      ]
    }
  ]
}
